
Microsoft Visual Studio Solution File, Format Version 12.00
# Visual Studio Version 16
VisualStudioVersion = 16.0.29215.179
MinimumVisualStudioVersion = 10.0.40219.1
Project("{2150E333-8FDC-42A3-9474-1A3956D46DE8}") = "third_party", "third_party", "{E307CA64-13F5-446A-BCA5-C611A235A2E4}"
EndProject
Project("{9A19103F-16F7-4668-BE54-9A1E7A4F7556}") = "OxyPlot", "third_party\OxyPlot\OxyPlot.csproj", "{CCA35025-490F-47F5-98CD-F93B7795DFE4}"
EndProject
Project("{9A19103F-16F7-4668-BE54-9A1E7A4F7556}") = "OxyPlot.Wpf", "third_party\OxyPlot.Wpf\OxyPlot.Wpf.csproj", "{9CF6A044-860F-40A0-A755-2B015FE0D538}"
EndProject
Project("{2150E333-8FDC-42A3-9474-1A3956D46DE8}") = "codelab", "codelab", "{9D7C39A1-EF36-4491-8CC0-2D45C3B51580}"
EndProject
Project("{9A19103F-16F7-4668-BE54-9A1E7A4F7556}") = "OxyPlot.SimpleDemo", "codelab\OxyPlot.SimpleDemo\OxyPlot.SimpleDemo.csproj", "{EF1770BD-DBD5-4776-9F8F-CC648E52D9B8}"
EndProject
Project("{2150E333-8FDC-42A3-9474-1A3956D46DE8}") = "_root", "_root", "{2D9A3D47-34C0-472D-9E67-EC8DEADD7387}"
	ProjectSection(SolutionItems) = preProject
		.editorconfig = .editorconfig
		Directory.Build.props = Directory.Build.props
		README.adoc = README.adoc
		version.json = version.json
		version.props = version.props
	EndProjectSection
EndProject
Global
	GlobalSection(SolutionConfigurationPlatforms) = preSolution
		Debug|Any CPU = Debug|Any CPU
		Release|Any CPU = Release|Any CPU
	EndGlobalSection
	GlobalSection(ProjectConfigurationPlatforms) = postSolution
		{CCA35025-490F-47F5-98CD-F93B7795DFE4}.Debug|Any CPU.ActiveCfg = Debug|Any CPU
		{CCA35025-490F-47F5-98CD-F93B7795DFE4}.Debug|Any CPU.Build.0 = Debug|Any CPU
		{CCA35025-490F-47F5-98CD-F93B7795DFE4}.Release|Any CPU.ActiveCfg = Release|Any CPU
		{CCA35025-490F-47F5-98CD-F93B7795DFE4}.Release|Any CPU.Build.0 = Release|Any CPU
		{9CF6A044-860F-40A0-A755-2B015FE0D538}.Debug|Any CPU.ActiveCfg = Debug|Any CPU
		{9CF6A044-860F-40A0-A755-2B015FE0D538}.Debug|Any CPU.Build.0 = Debug|Any CPU
		{9CF6A044-860F-40A0-A755-2B015FE0D538}.Release|Any CPU.ActiveCfg = Release|Any CPU
		{9CF6A044-860F-40A0-A755-2B015FE0D538}.Release|Any CPU.Build.0 = Release|Any CPU
		{EF1770BD-DBD5-4776-9F8F-CC648E52D9B8}.Debug|Any CPU.ActiveCfg = Debug|Any CPU
		{EF1770BD-DBD5-4776-9F8F-CC648E52D9B8}.Debug|Any CPU.Build.0 = Debug|Any CPU
		{EF1770BD-DBD5-4776-9F8F-CC648E52D9B8}.Release|Any CPU.ActiveCfg = Release|Any CPU
		{EF1770BD-DBD5-4776-9F8F-CC648E52D9B8}.Release|Any CPU.Build.0 = Release|Any CPU
	EndGlobalSection
	GlobalSection(SolutionProperties) = preSolution
		HideSolutionNode = FALSE
	EndGlobalSection
	GlobalSection(NestedProjects) = preSolution
		{CCA35025-490F-47F5-98CD-F93B7795DFE4} = {E307CA64-13F5-446A-BCA5-C611A235A2E4}
		{9CF6A044-860F-40A0-A755-2B015FE0D538} = {E307CA64-13F5-446A-BCA5-C611A235A2E4}
		{EF1770BD-DBD5-4776-9F8F-CC648E52D9B8} = {9D7C39A1-EF36-4491-8CC0-2D45C3B51580}
	EndGlobalSection
	GlobalSection(ExtensibilityGlobals) = postSolution
		SolutionGuid = {E0F2E2F1-944D-46B4-BA89-EE1F0BBD57A1}
	EndGlobalSection
EndGlobal
