{
  "version": 2,
  "dependencies": {
    ".NETFramework,Version=v4.5": {
      "Microsoft.Build.CopyOnWrite": {
        "type": "Direct",
        "requested": "[1.0.315, )",
        "resolved": "1.0.315",
        "contentHash": "z0WkyvnBFWCzgLJ1ORD9t6R5nvQSlTl7ernOPq2a6bdfJEGWRQbgiew4TFD18hQjBE8JGRDtWAkFDzhkRK8LNg=="
      },
      "Microsoft.NETFramework.ReferenceAssemblies": {
        "type": "Direct",
        "requested": "[1.0.3, )",
        "resolved": "1.0.3",
        "contentHash": "vUc9Npcs14QsyOD01tnv/m8sQUnGTGOw1BCmKcv77LBJY7OxhJ+zJF7UD/sCL3lYNFuqmQEVlkfS4Quif6FyYg==",
        "dependencies": {
          "Microsoft.NETFramework.ReferenceAssemblies.net45": "1.0.3"
        }
      },
      "Microsoft.NETFramework.ReferenceAssemblies.net45": {
        "type": "Transitive",
        "resolved": "1.0.3",
        "contentHash": "dcSLNuUX2rfZejsyta2EWZ1W5U6ucbFt697lRg1qiTlTM5ZlYv4uAvuxE6ROy6xLWWhLhOaReCDxkhxcajRYtQ=="
      }
    }
  }
}