{
  "version": 1,
  "dependencies": {
    ".NETFramework,Version=v4.8": {
      "Google.OrTools": {
        "type": "Direct",
        "requested": "[7.6.7691, )",
        "resolved": "7.6.7691",
        "contentHash": "4oBWqjR6ct9LteO2jMaGQtJwwY2ehw0bwvZA9x9uhrnFit5VtN363MDw5M3aY0ext7uvhwSkpk9rShLw+OKvUg==",
        "dependencies": {
          "Google.OrTools.runtime.linux-x64": "7.6.7691",
          "Google.OrTools.runtime.osx-x64": "7.6.7691",
          "Google.OrTools.runtime.win-x64": "7.6.7691",
          "Google.Protobuf": "3.11.2"
        }
      },
      "Microsoft.CodeAnalysis.BannedApiAnalyzers": {
        "type": "Direct",
        "requested": "[2.9.8, )",
        "resolved": "2.9.8",
        "contentHash": "DPJU5cE6/10d9ZqoUqd23vY4ZcbA4j1ebjZ1fLpVjMfzo7SwJFYKeuz8YN7l7gA2rJAfJ90JtgKeRIARW7YPCA=="
      },
      "Microsoft.CodeAnalysis.FxCopAnalyzers": {
        "type": "Direct",
        "requested": "[2.9.8, )",
        "resolved": "2.9.8",
        "contentHash": "FZhO7S+xinFrcRvPyIxPbFgY0Jg3X+KNkawhg7wwoVxnT/ySdoO162dyIMXfQQ6/qCmjNFHmTDXiNlpPNvKNyQ==",
        "dependencies": {
          "Microsoft.CodeAnalysis.VersionCheckAnalyzer": "[2.9.8]",
          "Microsoft.CodeQuality.Analyzers": "[2.9.8]",
          "Microsoft.NetCore.Analyzers": "[2.9.8]",
          "Microsoft.NetFramework.Analyzers": "[2.9.8]"
        }
      },
      "Nerdbank.GitVersioning": {
        "type": "Direct",
        "requested": "[3.5.108, )",
        "resolved": "3.5.108",
        "contentHash": "+1Zn/jrrbBS1MVK20W8d8g4nEREPuZ6IHDTmtqlJiNeGXN45Iou0IPe5hykbLAVyWfnoN3bPCDBIVjeAfoMsWQ=="
      },
      "StyleCop.Analyzers": {
        "type": "Direct",
        "requested": "[1.1.118, )",
        "resolved": "1.1.118",
        "contentHash": "Onx6ovGSqXSK07n/0eM3ZusiNdB6cIlJdabQhWGgJp3Vooy9AaLS/tigeybOJAobqbtggTamoWndz72JscZBvw=="
      },
      "Google.OrTools.runtime.linux-x64": {
        "type": "Transitive",
        "resolved": "7.6.7691",
        "contentHash": "KFKmjRuMSKdP/lqjmgM2tSwvxzYQxZOKymsQDUiXRImxAqZfDs4yYx/jo/LETvNNHztmlEoCvx//Vb7JiUmHYg=="
      },
      "Google.OrTools.runtime.osx-x64": {
        "type": "Transitive",
        "resolved": "7.6.7691",
        "contentHash": "UAew27nZ9wnI2y9YcJz0R1VQQnDkJ8+U3hKcWCki7RroYcRk24L9CzjFP1f8f9yAXUSy4hnw5qPNxY5b3kAOFA=="
      },
      "Google.OrTools.runtime.win-x64": {
        "type": "Transitive",
        "resolved": "7.6.7691",
        "contentHash": "rKmZloVrAO+QbYoIr1T/jXFRape7yCtQsJXJIRxFfrqsU7Hptg8g2LGIm4rn1F1XzhISAp0DhdW5yGR/80kPXg=="
      },
      "Google.Protobuf": {
        "type": "Transitive",
        "resolved": "3.11.2",
        "contentHash": "bebdVFzZcwlKN9FcnrdjGfxYKSmn3UbdLR+P30lr/bQVjguiQmnKYuOC2E/7DQRvSNRDQ/QMFBIohSif+0pSpA==",
        "dependencies": {
          "System.Memory": "4.5.2"
        }
      },
      "Microsoft.CodeAnalysis.VersionCheckAnalyzer": {
        "type": "Transitive",
        "resolved": "2.9.8",
        "contentHash": "iSjqkECKpagJPjzc7sMjD6rQWSznVYqTfUZ96yR0r0jDzA45TymBof350tlOfGDRvn4OrU/KKJav21/oZDttrA=="
      },
      "Microsoft.CodeQuality.Analyzers": {
        "type": "Transitive",
        "resolved": "2.9.8",
        "contentHash": "KevAiJKuolGKK84jDHMVGJjBAigH/86xyCVtbOzh5avUYzW7jPErdJW708byKKMiVKTwv027mbKCNnnOgNQHsA=="
      },
      "Microsoft.NetCore.Analyzers": {
        "type": "Transitive",
        "resolved": "2.9.8",
        "contentHash": "zbGttCZ8T5wJiBDhgIaFWTrYa/X7zbCnQ76PEu/B4gb64KY+yB9gjkndsKWR+2TbOId76PN7WrSQAn+W7gr5jQ=="
      },
      "Microsoft.NetFramework.Analyzers": {
        "type": "Transitive",
        "resolved": "2.9.8",
        "contentHash": "8fZYJqeKBW5uuKBact26IeOBogchn5Km85klHqHneRY7Jxp+ERtrw8zJVumNFUVL68pIcf4uKPOY7zfBQ7eY3A=="
      },
      "System.Buffers": {
        "type": "Transitive",
        "resolved": "4.4.0",
        "contentHash": "AwarXzzoDwX6BgrhjoJsk6tUezZEozOT5Y9QKF94Gl4JK91I4PIIBkBco9068Y9/Dra8Dkbie99kXB8+1BaYKw=="
      },
      "System.Memory": {
        "type": "Transitive",
        "resolved": "4.5.2",
        "contentHash": "fvq1GNmUFwbKv+aLVYYdgu/+gc8Nu9oFujOxIjPrsf+meis9JBzTPDL6aP/eeGOz9yPj6rRLUbOjKMpsMEWpNg==",
        "dependencies": {
          "System.Buffers": "4.4.0",
          "System.Numerics.Vectors": "4.4.0",
          "System.Runtime.CompilerServices.Unsafe": "4.5.2"
        }
      },
      "System.Numerics.Vectors": {
        "type": "Transitive",
        "resolved": "4.4.0",
        "contentHash": "UiLzLW+Lw6HLed1Hcg+8jSRttrbuXv7DANVj0DkL9g6EnnzbL75EB7EWsw5uRbhxd/4YdG8li5XizGWepmG3PQ=="
      },
      "System.Runtime.CompilerServices.Unsafe": {
        "type": "Transitive",
        "resolved": "4.5.2",
        "contentHash": "wprSFgext8cwqymChhrBLu62LMg/1u92bU+VOwyfBimSPVFXtsNqEWC92Pf9ofzJFlk4IHmJA75EDJn1b2goAQ=="
      }
    },
    ".NETFramework,Version=v4.8/win7-x86": {
      "Google.OrTools.runtime.linux-x64": {
        "type": "Transitive",
        "resolved": "7.6.7691",
        "contentHash": "KFKmjRuMSKdP/lqjmgM2tSwvxzYQxZOKymsQDUiXRImxAqZfDs4yYx/jo/LETvNNHztmlEoCvx//Vb7JiUmHYg=="
      },
      "Google.OrTools.runtime.osx-x64": {
        "type": "Transitive",
        "resolved": "7.6.7691",
        "contentHash": "UAew27nZ9wnI2y9YcJz0R1VQQnDkJ8+U3hKcWCki7RroYcRk24L9CzjFP1f8f9yAXUSy4hnw5qPNxY5b3kAOFA=="
      },
      "Google.OrTools.runtime.win-x64": {
        "type": "Transitive",
        "resolved": "7.6.7691",
        "contentHash": "rKmZloVrAO+QbYoIr1T/jXFRape7yCtQsJXJIRxFfrqsU7Hptg8g2LGIm4rn1F1XzhISAp0DhdW5yGR/80kPXg=="
      }
    }
  }
}